// !$*UTF8*$!
{
	archiveVersion = 1;
	classes = {
	};
	objectVersion = 50;
	objects = {

/* Begin PBXBuildFile section */
		FD45BB8824C1E51E00EBCDE5 /* AppDelegate.swift in Sources */ = {isa = PBXBuildFile; fileRef = FD45BB8724C1E51E00EBCDE5 /* AppDelegate.swift */; };
		FD45BB8A24C1E51E00EBCDE5 /* SceneDelegate.swift in Sources */ = {isa = PBXBuildFile; fileRef = FD45BB8924C1E51E00EBCDE5 /* SceneDelegate.swift */; };
		FD45BB8C24C1E51E00EBCDE5 /* ContentView.swift in Sources */ = {isa = PBXBuildFile; fileRef = FD45BB8B24C1E51E00EBCDE5 /* ContentView.swift */; };
		FD45BB8E24C1E52500EBCDE5 /* Assets.xcassets in Resources */ = {isa = PBXBuildFile; fileRef = FD45BB8D24C1E52500EBCDE5 /* Assets.xcassets */; };
		FD45BB9124C1E52500EBCDE5 /* Preview Assets.xcassets in Resources */ = {isa = PBXBuildFile; fileRef = FD45BB9024C1E52500EBCDE5 /* Preview Assets.xcassets */; };
		FD45BB9424C1E52500EBCDE5 /* LaunchScreen.storyboard in Resources */ = {isa = PBXBuildFile; fileRef = FD45BB9224C1E52500EBCDE5 /* LaunchScreen.storyboard */; };
		FD7547A624C33F4F00915FA3 /* Image.swift in Sources */ = {isa = PBXBuildFile; fileRef = FD7547A524C33F4F00915FA3 /* Image.swift */; };
		FD7547A824C7290100915FA3 /* ImageRow.swift in Sources */ = {isa = PBXBuildFile; fileRef = FD7547A724C7290100915FA3 /* ImageRow.swift */; };
		FD7547AF24CF02EA00915FA3 /* ImageError.swift in Sources */ = {isa = PBXBuildFile; fileRef = FD7547AE24CF02EA00915FA3 /* ImageError.swift */; };
		FD7547B124CF03B800915FA3 /* Responses.swift in Sources */ = {isa = PBXBuildFile; fileRef = FD7547B024CF03B800915FA3 /* Responses.swift */; };
/* End PBXBuildFile section */

/* Begin PBXFileReference section */
		FD45BB8424C1E51E00EBCDE5 /* PixabayPhotoViewer_SwiftUI.app */ = {isa = PBXFileReference; explicitFileType = wrapper.application; includeInIndex = 0; path = PixabayPhotoViewer_SwiftUI.app; sourceTree = BUILT_PRODUCTS_DIR; };
		FD45BB8724C1E51E00EBCDE5 /* AppDelegate.swift */ = {isa = PBXFileReference; lastKnownFileType = sourcecode.swift; path = AppDelegate.swift; sourceTree = "<group>"; };
		FD45BB8924C1E51E00EBCDE5 /* SceneDelegate.swift */ = {isa = PBXFileReference; lastKnownFileType = sourcecode.swift; path = SceneDelegate.swift; sourceTree = "<group>"; };
		FD45BB8B24C1E51E00EBCDE5 /* ContentView.swift */ = {isa = PBXFileReference; lastKnownFileType = sourcecode.swift; path = ContentView.swift; sourceTree = "<group>"; };
		FD45BB8D24C1E52500EBCDE5 /* Assets.xcassets */ = {isa = PBXFileReference; lastKnownFileType = folder.assetcatalog; path = Assets.xcassets; sourceTree = "<group>"; };
		FD45BB9024C1E52500EBCDE5 /* Preview Assets.xcassets */ = {isa = PBXFileReference; lastKnownFileType = folder.assetcatalog; path = "Preview Assets.xcassets"; sourceTree = "<group>"; };
		FD45BB9324C1E52500EBCDE5 /* Base */ = {isa = PBXFileReference; lastKnownFileType = file.storyboard; name = Base; path = Base.lproj/LaunchScreen.storyboard; sourceTree = "<group>"; };
		FD45BB9524C1E52500EBCDE5 /* Info.plist */ = {isa = PBXFileReference; lastKnownFileType = text.plist.xml; path = Info.plist; sourceTree = "<group>"; };
		FD7547A524C33F4F00915FA3 /* Image.swift */ = {isa = PBXFileReference; lastKnownFileType = sourcecode.swift; path = Image.swift; sourceTree = "<group>"; };
		FD7547A724C7290100915FA3 /* ImageRow.swift */ = {isa = PBXFileReference; lastKnownFileType = sourcecode.swift; path = ImageRow.swift; sourceTree = "<group>"; };
		FD7547AE24CF02EA00915FA3 /* ImageError.swift */ = {isa = PBXFileReference; lastKnownFileType = sourcecode.swift; path = ImageError.swift; sourceTree = "<group>"; };
		FD7547B024CF03B800915FA3 /* Responses.swift */ = {isa = PBXFileReference; lastKnownFileType = sourcecode.swift; path = Responses.swift; sourceTree = "<group>"; };
/* End PBXFileReference section */

/* Begin PBXFrameworksBuildPhase section */
		FD45BB8124C1E51E00EBCDE5 /* Frameworks */ = {
			isa = PBXFrameworksBuildPhase;
			buildActionMask = 2147483647;
			files = (
			);
			runOnlyForDeploymentPostprocessing = 0;
		};
/* End PBXFrameworksBuildPhase section */

/* Begin PBXGroup section */
		FD45BB7B24C1E51E00EBCDE5 = {
			isa = PBXGroup;
			children = (
				FD45BB8624C1E51E00EBCDE5 /* PixabayPhotoViewer_SwiftUI */,
				FD45BB8524C1E51E00EBCDE5 /* Products */,
			);
			sourceTree = "<group>";
		};
		FD45BB8524C1E51E00EBCDE5 /* Products */ = {
			isa = PBXGroup;
			children = (
				FD45BB8424C1E51E00EBCDE5 /* PixabayPhotoViewer_SwiftUI.app */,
			);
			name = Products;
			sourceTree = "<group>";
		};
		FD45BB8624C1E51E00EBCDE5 /* PixabayPhotoViewer_SwiftUI */ = {
			isa = PBXGroup;
			children = (
				FD7547AD24CDC78800915FA3 /* SupportingFiles */,
				FD7547A924CDC6F000915FA3 /* Image */,
				FD45BB8F24C1E52500EBCDE5 /* Preview Content */,
			);
			path = PixabayPhotoViewer_SwiftUI;
			sourceTree = "<group>";
		};
		FD45BB8F24C1E52500EBCDE5 /* Preview Content */ = {
			isa = PBXGroup;
			children = (
				FD45BB9024C1E52500EBCDE5 /* Preview Assets.xcassets */,
			);
			path = "Preview Content";
			sourceTree = "<group>";
		};
		FD7547A924CDC6F000915FA3 /* Image */ = {
			isa = PBXGroup;
			children = (
				FD7547AA24CDC6FD00915FA3 /* ImageList */,
				FD7547AB24CDC71500915FA3 /* ImageDetail */,
				FD7547AC24CDC74300915FA3 /* PixabayAPI */,
			);
			path = Image;
			sourceTree = "<group>";
		};
		FD7547AA24CDC6FD00915FA3 /* ImageList */ = {
			isa = PBXGroup;
			children = (
				FD45BB8B24C1E51E00EBCDE5 /* ContentView.swift */,
				FD7547A724C7290100915FA3 /* ImageRow.swift */,
				FD7547A524C33F4F00915FA3 /* Image.swift */,
			);
			path = ImageList;
			sourceTree = "<group>";
		};
		FD7547AB24CDC71500915FA3 /* ImageDetail */ = {
			isa = PBXGroup;
			children = (
			);
			path = ImageDetail;
			sourceTree = "<group>";
		};
		FD7547AC24CDC74300915FA3 /* PixabayAPI */ = {
			isa = PBXGroup;
			children = (
				FD7547B024CF03B800915FA3 /* Responses.swift */,
				FD7547AE24CF02EA00915FA3 /* ImageError.swift */,
			);
			path = PixabayAPI;
			sourceTree = "<group>";
		};
		FD7547AD24CDC78800915FA3 /* SupportingFiles */ = {
			isa = PBXGroup;
			children = (
				FD45BB8724C1E51E00EBCDE5 /* AppDelegate.swift */,
				FD45BB8924C1E51E00EBCDE5 /* SceneDelegate.swift */,
				FD45BB9524C1E52500EBCDE5 /* Info.plist */,
				FD45BB8D24C1E52500EBCDE5 /* Assets.xcassets */,
				FD45BB9224C1E52500EBCDE5 /* LaunchScreen.storyboard */,
			);
			path = SupportingFiles;
			sourceTree = "<group>";
		};
/* End PBXGroup section */

/* Begin PBXNativeTarget section */
		FD45BB8324C1E51E00EBCDE5 /* PixabayPhotoViewer_SwiftUI */ = {
			isa = PBXNativeTarget;
			buildConfigurationList = FD45BB9824C1E52500EBCDE5 /* Build configuration list for PBXNativeTarget "PixabayPhotoViewer_SwiftUI" */;
			buildPhases = (
				FD45BB8024C1E51E00EBCDE5 /* Sources */,
				FD45BB8124C1E51E00EBCDE5 /* Frameworks */,
				FD45BB8224C1E51E00EBCDE5 /* Resources */,
			);
			buildRules = (
			);
			dependencies = (
			);
			name = PixabayPhotoViewer_SwiftUI;
			productName = PixabayPhotoViewer_SwiftUI;
			productReference = FD45BB8424C1E51E00EBCDE5 /* PixabayPhotoViewer_SwiftUI.app */;
			productType = "com.apple.product-type.application";
		};
/* End PBXNativeTarget section */

/* Begin PBXProject section */
		FD45BB7C24C1E51E00EBCDE5 /* Project object */ = {
			isa = PBXProject;
			attributes = {
				LastSwiftUpdateCheck = 1150;
				LastUpgradeCheck = 1150;
				ORGANIZATIONNAME = "Swift-beginners";
				TargetAttributes = {
					FD45BB8324C1E51E00EBCDE5 = {
						CreatedOnToolsVersion = 11.5;
					};
				};
			};
			buildConfigurationList = FD45BB7F24C1E51E00EBCDE5 /* Build configuration list for PBXProject "PixabayPhotoViewer_SwiftUI" */;
			compatibilityVersion = "Xcode 9.3";
			developmentRegion = en;
			hasScannedForEncodings = 0;
			knownRegions = (
				en,
				Base,
			);
			mainGroup = FD45BB7B24C1E51E00EBCDE5;
			productRefGroup = FD45BB8524C1E51E00EBCDE5 /* Products */;
			projectDirPath = "";
			projectRoot = "";
			targets = (
				FD45BB8324C1E51E00EBCDE5 /* PixabayPhotoViewer_SwiftUI */,
			);
		};
/* End PBXProject section */

/* Begin PBXResourcesBuildPhase section */
		FD45BB8224C1E51E00EBCDE5 /* Resources */ = {
			isa = PBXResourcesBuildPhase;
			buildActionMask = 2147483647;
			files = (
				FD45BB9424C1E52500EBCDE5 /* LaunchScreen.storyboard in Resources */,
				FD45BB9124C1E52500EBCDE5 /* Preview Assets.xcassets in Resources */,
				FD45BB8E24C1E52500EBCDE5 /* Assets.xcassets in Resources */,
			);
			runOnlyForDeploymentPostprocessing = 0;
		};
/* End PBXResourcesBuildPhase section */

/* Begin PBXSourcesBuildPhase section */
		FD45BB8024C1E51E00EBCDE5 /* Sources */ = {
			isa = PBXSourcesBuildPhase;
			buildActionMask = 2147483647;
			files = (
				FD7547A824C7290100915FA3 /* ImageRow.swift in Sources */,
				FD45BB8824C1E51E00EBCDE5 /* AppDelegate.swift in Sources */,
				FD7547AF24CF02EA00915FA3 /* ImageError.swift in Sources */,
				FD45BB8A24C1E51E00EBCDE5 /* SceneDelegate.swift in Sources */,
				FD7547A624C33F4F00915FA3 /* Image.swift in Sources */,
				FD7547B124CF03B800915FA3 /* Responses.swift in Sources */,
				FD45BB8C24C1E51E00EBCDE5 /* ContentView.swift in Sources */,
			);
			runOnlyForDeploymentPostprocessing = 0;
		};
/* End PBXSourcesBuildPhase section */

/* Begin PBXVariantGroup section */
		FD45BB9224C1E52500EBCDE5 /* LaunchScreen.storyboard */ = {
			isa = PBXVariantGroup;
			children = (
				FD45BB9324C1E52500EBCDE5 /* Base */,
			);
			name = LaunchScreen.storyboard;
			sourceTree = "<group>";
		};
/* End PBXVariantGroup section */

/* Begin XCBuildConfiguration section */
		FD45BB9624C1E52500EBCDE5 /* Debug */ = {
			isa = XCBuildConfiguration;
			buildSettings = {
				ALWAYS_SEARCH_USER_PATHS = NO;
				CLANG_ANALYZER_NONNULL = YES;
				CLANG_ANALYZER_NUMBER_OBJECT_CONVERSION = YES_AGGRESSIVE;
				CLANG_CXX_LANGUAGE_STANDARD = "gnu++14";
				CLANG_CXX_LIBRARY = "libc++";
				CLANG_ENABLE_MODULES = YES;
				CLANG_ENABLE_OBJC_ARC = YES;
				CLANG_ENABLE_OBJC_WEAK = YES;
				CLANG_WARN_BLOCK_CAPTURE_AUTORELEASING = YES;
				CLANG_WARN_BOOL_CONVERSION = YES;
				CLANG_WARN_COMMA = YES;
				CLANG_WARN_CONSTANT_CONVERSION = YES;
				CLANG_WARN_DEPRECATED_OBJC_IMPLEMENTATIONS = YES;
				CLANG_WARN_DIRECT_OBJC_ISA_USAGE = YES_ERROR;
				CLANG_WARN_DOCUMENTATION_COMMENTS = YES;
				CLANG_WARN_EMPTY_BODY = YES;
				CLANG_WARN_ENUM_CONVERSION = YES;
				CLANG_WARN_INFINITE_RECURSION = YES;
				CLANG_WARN_INT_CONVERSION = YES;
				CLANG_WARN_NON_LITERAL_NULL_CONVERSION = YES;
				CLANG_WARN_OBJC_IMPLICIT_RETAIN_SELF = YES;
				CLANG_WARN_OBJC_LITERAL_CONVERSION = YES;
				CLANG_WARN_OBJC_ROOT_CLASS = YES_ERROR;
				CLANG_WARN_RANGE_LOOP_ANALYSIS = YES;
				CLANG_WARN_STRICT_PROTOTYPES = YES;
				CLANG_WARN_SUSPICIOUS_MOVE = YES;
				CLANG_WARN_UNGUARDED_AVAILABILITY = YES_AGGRESSIVE;
				CLANG_WARN_UNREACHABLE_CODE = YES;
				CLANG_WARN__DUPLICATE_METHOD_MATCH = YES;
				COPY_PHASE_STRIP = NO;
				DEBUG_INFORMATION_FORMAT = dwarf;
				ENABLE_STRICT_OBJC_MSGSEND = YES;
				ENABLE_TESTABILITY = YES;
				GCC_C_LANGUAGE_STANDARD = gnu11;
				GCC_DYNAMIC_NO_PIC = NO;
				GCC_NO_COMMON_BLOCKS = YES;
				GCC_OPTIMIZATION_LEVEL = 0;
				GCC_PREPROCESSOR_DEFINITIONS = (
					"DEBUG=1",
					"$(inherited)",
				);
				GCC_WARN_64_TO_32_BIT_CONVERSION = YES;
				GCC_WARN_ABOUT_RETURN_TYPE = YES_ERROR;
				GCC_WARN_UNDECLARED_SELECTOR = YES;
				GCC_WARN_UNINITIALIZED_AUTOS = YES_AGGRESSIVE;
				GCC_WARN_UNUSED_FUNCTION = YES;
				GCC_WARN_UNUSED_VARIABLE = YES;
				IPHONEOS_DEPLOYMENT_TARGET = 13.5;
				MTL_ENABLE_DEBUG_INFO = INCLUDE_SOURCE;
				MTL_FAST_MATH = YES;
				ONLY_ACTIVE_ARCH = YES;
				SDKROOT = iphoneos;
				SWIFT_ACTIVE_COMPILATION_CONDITIONS = DEBUG;
				SWIFT_OPTIMIZATION_LEVEL = "-Onone";
			};
			name = Debug;
		};
		FD45BB9724C1E52500EBCDE5 /* Release */ = {
			isa = XCBuildConfiguration;
			buildSettings = {
				ALWAYS_SEARCH_USER_PATHS = NO;
				CLANG_ANALYZER_NONNULL = YES;
				CLANG_ANALYZER_NUMBER_OBJECT_CONVERSION = YES_AGGRESSIVE;
				CLANG_CXX_LANGUAGE_STANDARD = "gnu++14";
				CLANG_CXX_LIBRARY = "libc++";
				CLANG_ENABLE_MODULES = YES;
				CLANG_ENABLE_OBJC_ARC = YES;
				CLANG_ENABLE_OBJC_WEAK = YES;
				CLANG_WARN_BLOCK_CAPTURE_AUTORELEASING = YES;
				CLANG_WARN_BOOL_CONVERSION = YES;
				CLANG_WARN_COMMA = YES;
				CLANG_WARN_CONSTANT_CONVERSION = YES;
				CLANG_WARN_DEPRECATED_OBJC_IMPLEMENTATIONS = YES;
				CLANG_WARN_DIRECT_OBJC_ISA_USAGE = YES_ERROR;
				CLANG_WARN_DOCUMENTATION_COMMENTS = YES;
				CLANG_WARN_EMPTY_BODY = YES;
				CLANG_WARN_ENUM_CONVERSION = YES;
				CLANG_WARN_INFINITE_RECURSION = YES;
				CLANG_WARN_INT_CONVERSION = YES;
				CLANG_WARN_NON_LITERAL_NULL_CONVERSION = YES;
				CLANG_WARN_OBJC_IMPLICIT_RETAIN_SELF = YES;
				CLANG_WARN_OBJC_LITERAL_CONVERSION = YES;
				CLANG_WARN_OBJC_ROOT_CLASS = YES_ERROR;
				CLANG_WARN_RANGE_LOOP_ANALYSIS = YES;
				CLANG_WARN_STRICT_PROTOTYPES = YES;
				CLANG_WARN_SUSPICIOUS_MOVE = YES;
				CLANG_WARN_UNGUARDED_AVAILABILITY = YES_AGGRESSIVE;
				CLANG_WARN_UNREACHABLE_CODE = YES;
				CLANG_WARN__DUPLICATE_METHOD_MATCH = YES;
				COPY_PHASE_STRIP = NO;
				DEBUG_INFORMATION_FORMAT = "dwarf-with-dsym";
				ENABLE_NS_ASSERTIONS = NO;
				ENABLE_STRICT_OBJC_MSGSEND = YES;
				GCC_C_LANGUAGE_STANDARD = gnu11;
				GCC_NO_COMMON_BLOCKS = YES;
				GCC_WARN_64_TO_32_BIT_CONVERSION = YES;
				GCC_WARN_ABOUT_RETURN_TYPE = YES_ERROR;
				GCC_WARN_UNDECLARED_SELECTOR = YES;
				GCC_WARN_UNINITIALIZED_AUTOS = YES_AGGRESSIVE;
				GCC_WARN_UNUSED_FUNCTION = YES;
				GCC_WARN_UNUSED_VARIABLE = YES;
				IPHONEOS_DEPLOYMENT_TARGET = 13.5;
				MTL_ENABLE_DEBUG_INFO = NO;
				MTL_FAST_MATH = YES;
				SDKROOT = iphoneos;
				SWIFT_COMPILATION_MODE = wholemodule;
				SWIFT_OPTIMIZATION_LEVEL = "-O";
				VALIDATE_PRODUCT = YES;
			};
			name = Release;
		};
		FD45BB9924C1E52500EBCDE5 /* Debug */ = {
			isa = XCBuildConfiguration;
			buildSettings = {
				ASSETCATALOG_COMPILER_APPICON_NAME = AppIcon;
				CODE_SIGN_STYLE = Automatic;
				DEVELOPMENT_ASSET_PATHS = "\"PixabayPhotoViewer_SwiftUI/Preview Content\"";
				DEVELOPMENT_TEAM = 8DJ3WL36QU;
				ENABLE_PREVIEWS = YES;
				INFOPLIST_FILE = PixabayPhotoViewer_SwiftUI/Info.plist;
				LD_RUNPATH_SEARCH_PATHS = (
					"$(inherited)",
					"@executable_path/Frameworks",
				);
				PRODUCT_BUNDLE_IDENTIFIER = "Swift-beginners2.PixabayPhotoViewer-SwiftUI";
				PRODUCT_NAME = "$(TARGET_NAME)";
				SWIFT_VERSION = 5.0;
				TARGETED_DEVICE_FAMILY = "1,2";
			};
			name = Debug;
		};
		FD45BB9A24C1E52500EBCDE5 /* Release */ = {
			isa = XCBuildConfiguration;
			buildSettings = {
				ASSETCATALOG_COMPILER_APPICON_NAME = AppIcon;
				CODE_SIGN_STYLE = Automatic;
				DEVELOPMENT_ASSET_PATHS = "\"PixabayPhotoViewer_SwiftUI/Preview Content\"";
				DEVELOPMENT_TEAM = 8DJ3WL36QU;
				ENABLE_PREVIEWS = YES;
				INFOPLIST_FILE = PixabayPhotoViewer_SwiftUI/Info.plist;
				LD_RUNPATH_SEARCH_PATHS = (
					"$(inherited)",
					"@executable_path/Frameworks",
				);
				PRODUCT_BUNDLE_IDENTIFIER = "Swift-beginners2.PixabayPhotoViewer-SwiftUI";
				PRODUCT_NAME = "$(TARGET_NAME)";
				SWIFT_VERSION = 5.0;
				TARGETED_DEVICE_FAMILY = "1,2";
			};
			name = Release;
		};
/* End XCBuildConfiguration section */

/* Begin XCConfigurationList section */
		FD45BB7F24C1E51E00EBCDE5 /* Build configuration list for PBXProject "PixabayPhotoViewer_SwiftUI" */ = {
			isa = XCConfigurationList;
			buildConfigurations = (
				FD45BB9624C1E52500EBCDE5 /* Debug */,
				FD45BB9724C1E52500EBCDE5 /* Release */,
			);
			defaultConfigurationIsVisible = 0;
			defaultConfigurationName = Release;
		};
		FD45BB9824C1E52500EBCDE5 /* Build configuration list for PBXNativeTarget "PixabayPhotoViewer_SwiftUI" */ = {
			isa = XCConfigurationList;
			buildConfigurations = (
				FD45BB9924C1E52500EBCDE5 /* Debug */,
				FD45BB9A24C1E52500EBCDE5 /* Release */,
			);
			defaultConfigurationIsVisible = 0;
			defaultConfigurationName = Release;
		};
/* End XCConfigurationList section */
	};
	rootObject = FD45BB7C24C1E51E00EBCDE5 /* Project object */;
}
